// !$*UTF8*$!
{
	archiveVersion = 1;
	classes = {
	};
	objectVersion = 46;
	objects = {

/* Begin PBXBuildFile section */
		609FD74B1E1D510800D5954C /* AppDelegate.swift in Sources */ = {isa = PBXBuildFile; fileRef = 609FD74A1E1D510800D5954C /* AppDelegate.swift */; };
		609FD74D1E1D510800D5954C /* ViewController.swift in Sources */ = {isa = PBXBuildFile; fileRef = 609FD74C1E1D510800D5954C /* ViewController.swift */; };
		609FD7501E1D510800D5954C /* Main.storyboard in Resources */ = {isa = PBXBuildFile; fileRef = 609FD74E1E1D510800D5954C /* Main.storyboard */; };
		609FD7521E1D510800D5954C /* Assets.xcassets in Resources */ = {isa = PBXBuildFile; fileRef = 609FD7511E1D510800D5954C /* Assets.xcassets */; };
		609FD7551E1D510800D5954C /* LaunchScreen.storyboard in Resources */ = {isa = PBXBuildFile; fileRef = 609FD7531E1D510800D5954C /* LaunchScreen.storyboard */; };
		609FD75D1E1D515600D5954C /* YKHangul.swift in Sources */ = {isa = PBXBuildFile; fileRef = 609FD75C1E1D515600D5954C /* YKHangul.swift */; };
/* End PBXBuildFile section */

/* Begin PBXFileReference section */
		609FD7471E1D510800D5954C /* YKHangul.app */ = {isa = PBXFileReference; explicitFileType = wrapper.application; includeInIndex = 0; path = YKHangul.app; sourceTree = BUILT_PRODUCTS_DIR; };
		609FD74A1E1D510800D5954C /* AppDelegate.swift */ = {isa = PBXFileReference; lastKnownFileType = sourcecode.swift; path = AppDelegate.swift; sourceTree = "<group>"; };
		609FD74C1E1D510800D5954C /* ViewController.swift */ = {isa = PBXFileReference; lastKnownFileType = sourcecode.swift; path = ViewController.swift; sourceTree = "<group>"; };
		609FD74F1E1D510800D5954C /* Base */ = {isa = PBXFileReference; lastKnownFileType = file.storyboard; name = Base; path = Base.lproj/Main.storyboard; sourceTree = "<group>"; };
		609FD7511E1D510800D5954C /* Assets.xcassets */ = {isa = PBXFileReference; lastKnownFileType = folder.assetcatalog; path = Assets.xcassets; sourceTree = "<group>"; };
		609FD7541E1D510800D5954C /* Base */ = {isa = PBXFileReference; lastKnownFileType = file.storyboard; name = Base; path = Base.lproj/LaunchScreen.storyboard; sourceTree = "<group>"; };
		609FD7561E1D510800D5954C /* Info.plist */ = {isa = PBXFileReference; lastKnownFileType = text.plist.xml; path = Info.plist; sourceTree = "<group>"; };
		609FD75C1E1D515600D5954C /* YKHangul.swift */ = {isa = PBXFileReference; fileEncoding = 4; lastKnownFileType = sourcecode.swift; path = YKHangul.swift; sourceTree = "<group>"; };
/* End PBXFileReference section */

/* Begin PBXFrameworksBuildPhase section */
		609FD7441E1D510800D5954C /* Frameworks */ = {
			isa = PBXFrameworksBuildPhase;
			buildActionMask = 2147483647;
			files = (
			);
			runOnlyForDeploymentPostprocessing = 0;
		};
/* End PBXFrameworksBuildPhase section */

/* Begin PBXGroup section */
		609FD73E1E1D510800D5954C = {
			isa = PBXGroup;
			children = (
				609FD7491E1D510800D5954C /* YKHangul */,
				609FD7481E1D510800D5954C /* Products */,
			);
			sourceTree = "<group>";
		};
		609FD7481E1D510800D5954C /* Products */ = {
			isa = PBXGroup;
			children = (
				609FD7471E1D510800D5954C /* YKHangul.app */,
			);
			name = Products;
			sourceTree = "<group>";
		};
		609FD7491E1D510800D5954C /* YKHangul */ = {
			isa = PBXGroup;
			children = (
				609FD74A1E1D510800D5954C /* AppDelegate.swift */,
				609FD74C1E1D510800D5954C /* ViewController.swift */,
				609FD74E1E1D510800D5954C /* Main.storyboard */,
				609FD7511E1D510800D5954C /* Assets.xcassets */,
				609FD7531E1D510800D5954C /* LaunchScreen.storyboard */,
				609FD7561E1D510800D5954C /* Info.plist */,
				609FD75C1E1D515600D5954C /* YKHangul.swift */,
			);
			path = YKHangul;
			sourceTree = "<group>";
		};
/* End PBXGroup section */

/* Begin PBXNativeTarget section */
		609FD7461E1D510800D5954C /* YKHangul */ = {
			isa = PBXNativeTarget;
			buildConfigurationList = 609FD7591E1D510800D5954C /* Build configuration list for PBXNativeTarget "YKHangul" */;
			buildPhases = (
				609FD7431E1D510800D5954C /* Sources */,
				609FD7441E1D510800D5954C /* Frameworks */,
				609FD7451E1D510800D5954C /* Resources */,
			);
			buildRules = (
			);
			dependencies = (
			);
			name = YKHangul;
			productName = YKHangul;
			productReference = 609FD7471E1D510800D5954C /* YKHangul.app */;
			productType = "com.apple.product-type.application";
		};
/* End PBXNativeTarget section */

/* Begin PBXProject section */
		609FD73F1E1D510800D5954C /* Project object */ = {
			isa = PBXProject;
			attributes = {
				LastSwiftUpdateCheck = 0820;
				LastUpgradeCheck = 0820;
				ORGANIZATIONNAME = yojkim;
				TargetAttributes = {
					609FD7461E1D510800D5954C = {
						CreatedOnToolsVersion = 8.2.1;
						DevelopmentTeam = 9787PY98YF;
						ProvisioningStyle = Automatic;
					};
				};
			};
			buildConfigurationList = 609FD7421E1D510800D5954C /* Build configuration list for PBXProject "YKHangul" */;
			compatibilityVersion = "Xcode 3.2";
			developmentRegion = English;
			hasScannedForEncodings = 0;
			knownRegions = (
				en,
				Base,
			);
			mainGroup = 609FD73E1E1D510800D5954C;
			productRefGroup = 609FD7481E1D510800D5954C /* Products */;
			projectDirPath = "";
			projectRoot = "";
			targets = (
				609FD7461E1D510800D5954C /* YKHangul */,
			);
		};
/* End PBXProject section */

/* Begin PBXResourcesBuildPhase section */
		609FD7451E1D510800D5954C /* Resources */ = {
			isa = PBXResourcesBuildPhase;
			buildActionMask = 2147483647;
			files = (
				609FD7551E1D510800D5954C /* LaunchScreen.storyboard in Resources */,
				609FD7521E1D510800D5954C /* Assets.xcassets in Resources */,
				609FD7501E1D510800D5954C /* Main.storyboard in Resources */,
			);
			runOnlyForDeploymentPostprocessing = 0;
		};
/* End PBXResourcesBuildPhase section */

/* Begin PBXSourcesBuildPhase section */
		609FD7431E1D510800D5954C /* Sources */ = {
			isa = PBXSourcesBuildPhase;
			buildActionMask = 2147483647;
			files = (
				609FD75D1E1D515600D5954C /* YKHangul.swift in Sources */,
				609FD74D1E1D510800D5954C /* ViewController.swift in Sources */,
				609FD74B1E1D510800D5954C /* AppDelegate.swift in Sources */,
			);
			runOnlyForDeploymentPostprocessing = 0;
		};
/* End PBXSourcesBuildPhase section */

/* Begin PBXVariantGroup section */
		609FD74E1E1D510800D5954C /* Main.storyboard */ = {
			isa = PBXVariantGroup;
			children = (
				609FD74F1E1D510800D5954C /* Base */,
			);
			name = Main.storyboard;
			sourceTree = "<group>";
		};
		609FD7531E1D510800D5954C /* LaunchScreen.storyboard */ = {
			isa = PBXVariantGroup;
			children = (
				609FD7541E1D510800D5954C /* Base */,
			);
			name = LaunchScreen.storyboard;
			sourceTree = "<group>";
		};
/* End PBXVariantGroup section */

/* Begin XCBuildConfiguration section */
		609FD7571E1D510800D5954C /* Debug */ = {
			isa = XCBuildConfiguration;
			buildSettings = {
				ALWAYS_SEARCH_USER_PATHS = NO;
				CLANG_ANALYZER_NONNULL = YES;
				CLANG_CXX_LANGUAGE_STANDARD = "gnu++0x";
				CLANG_CXX_LIBRARY = "libc++";
				CLANG_ENABLE_MODULES = YES;
				CLANG_ENABLE_OBJC_ARC = YES;
				CLANG_WARN_BOOL_CONVERSION = YES;
				CLANG_WARN_CONSTANT_CONVERSION = YES;
				CLANG_WARN_DIRECT_OBJC_ISA_USAGE = YES_ERROR;
				CLANG_WARN_DOCUMENTATION_COMMENTS = YES;
				CLANG_WARN_EMPTY_BODY = YES;
				CLANG_WARN_ENUM_CONVERSION = YES;
				CLANG_WARN_INFINITE_RECURSION = YES;
				CLANG_WARN_INT_CONVERSION = YES;
				CLANG_WARN_OBJC_ROOT_CLASS = YES_ERROR;
				CLANG_WARN_SUSPICIOUS_MOVE = YES;
				CLANG_WARN_UNREACHABLE_CODE = YES;
				CLANG_WARN__DUPLICATE_METHOD_MATCH = YES;
				"CODE_SIGN_IDENTITY[sdk=iphoneos*]" = "iPhone Developer";
				COPY_PHASE_STRIP = NO;
				DEBUG_INFORMATION_FORMAT = dwarf;
				ENABLE_STRICT_OBJC_MSGSEND = YES;
				ENABLE_TESTABILITY = YES;
				GCC_C_LANGUAGE_STANDARD = gnu99;
				GCC_DYNAMIC_NO_PIC = NO;
				GCC_NO_COMMON_BLOCKS = YES;
				GCC_OPTIMIZATION_LEVEL = 0;
				GCC_PREPROCESSOR_DEFINITIONS = (
					"DEBUG=1",
					"$(inherited)",
				);
				GCC_WARN_64_TO_32_BIT_CONVERSION = YES;
				GCC_WARN_ABOUT_RETURN_TYPE = YES_ERROR;
				GCC_WARN_UNDECLARED_SELECTOR = YES;
				GCC_WARN_UNINITIALIZED_AUTOS = YES_AGGRESSIVE;
				GCC_WARN_UNUSED_FUNCTION = YES;
				GCC_WARN_UNUSED_VARIABLE = YES;
				IPHONEOS_DEPLOYMENT_TARGET = 10.2;
				MTL_ENABLE_DEBUG_INFO = YES;
				ONLY_ACTIVE_ARCH = YES;
				SDKROOT = iphoneos;
				SWIFT_ACTIVE_COMPILATION_CONDITIONS = DEBUG;
				SWIFT_OPTIMIZATION_LEVEL = "-Onone";
				TARGETED_DEVICE_FAMILY = "1,2";
			};
			name = Debug;
		};
		609FD7581E1D510800D5954C /* Release */ = {
			isa = XCBuildConfiguration;
			buildSettings = {
				ALWAYS_SEARCH_USER_PATHS = NO;
				CLANG_ANALYZER_NONNULL = YES;
				CLANG_CXX_LANGUAGE_STANDARD = "gnu++0x";
				CLANG_CXX_LIBRARY = "libc++";
				CLANG_ENABLE_MODULES = YES;
				CLANG_ENABLE_OBJC_ARC = YES;
				CLANG_WARN_BOOL_CONVERSION = YES;
				CLANG_WARN_CONSTANT_CONVERSION = YES;
				CLANG_WARN_DIRECT_OBJC_ISA_USAGE = YES_ERROR;
				CLANG_WARN_DOCUMENTATION_COMMENTS = YES;
				CLANG_WARN_EMPTY_BODY = YES;
				CLANG_WARN_ENUM_CONVERSION = YES;
				CLANG_WARN_INFINITE_RECURSION = YES;
				CLANG_WARN_INT_CONVERSION = YES;
				CLANG_WARN_OBJC_ROOT_CLASS = YES_ERROR;
				CLANG_WARN_SUSPICIOUS_MOVE = YES;
				CLANG_WARN_UNREACHABLE_CODE = YES;
				CLANG_WARN__DUPLICATE_METHOD_MATCH = YES;
				"CODE_SIGN_IDENTITY[sdk=iphoneos*]" = "iPhone Developer";
				COPY_PHASE_STRIP = NO;
				DEBUG_INFORMATION_FORMAT = "dwarf-with-dsym";
				ENABLE_NS_ASSERTIONS = NO;
				ENABLE_STRICT_OBJC_MSGSEND = YES;
				GCC_C_LANGUAGE_STANDARD = gnu99;
				GCC_NO_COMMON_BLOCKS = YES;
				GCC_WARN_64_TO_32_BIT_CONVERSION = YES;
				GCC_WARN_ABOUT_RETURN_TYPE = YES_ERROR;
				GCC_WARN_UNDECLARED_SELECTOR = YES;
				GCC_WARN_UNINITIALIZED_AUTOS = YES_AGGRESSIVE;
				GCC_WARN_UNUSED_FUNCTION = YES;
				GCC_WARN_UNUSED_VARIABLE = YES;
				IPHONEOS_DEPLOYMENT_TARGET = 10.2;
				MTL_ENABLE_DEBUG_INFO = NO;
				SDKROOT = iphoneos;
				SWIFT_OPTIMIZATION_LEVEL = "-Owholemodule";
				TARGETED_DEVICE_FAMILY = "1,2";
				VALIDATE_PRODUCT = YES;
			};
			name = Release;
		};
		609FD75A1E1D510800D5954C /* Debug */ = {
			isa = XCBuildConfiguration;
			buildSettings = {
				ASSETCATALOG_COMPILER_APPICON_NAME = AppIcon;
				DEVELOPMENT_TEAM = 9787PY98YF;
				INFOPLIST_FILE = YKHangul/Info.plist;
				LD_RUNPATH_SEARCH_PATHS = "$(inherited) @executable_path/Frameworks";
				PRODUCT_BUNDLE_IDENTIFIER = yojkim.YKHangul;
				PRODUCT_NAME = "$(TARGET_NAME)";
				SWIFT_VERSION = 3.0;
			};
			name = Debug;
		};
		609FD75B1E1D510800D5954C /* Release */ = {
			isa = XCBuildConfiguration;
			buildSettings = {
				ASSETCATALOG_COMPILER_APPICON_NAME = AppIcon;
				DEVELOPMENT_TEAM = 9787PY98YF;
				INFOPLIST_FILE = YKHangul/Info.plist;
				LD_RUNPATH_SEARCH_PATHS = "$(inherited) @executable_path/Frameworks";
				PRODUCT_BUNDLE_IDENTIFIER = yojkim.YKHangul;
				PRODUCT_NAME = "$(TARGET_NAME)";
				SWIFT_VERSION = 3.0;
			};
			name = Release;
		};
/* End XCBuildConfiguration section */

/* Begin XCConfigurationList section */
		609FD7421E1D510800D5954C /* Build configuration list for PBXProject "YKHangul" */ = {
			isa = XCConfigurationList;
			buildConfigurations = (
				609FD7571E1D510800D5954C /* Debug */,
				609FD7581E1D510800D5954C /* Release */,
			);
			defaultConfigurationIsVisible = 0;
			defaultConfigurationName = Release;
		};
		609FD7591E1D510800D5954C /* Build configuration list for PBXNativeTarget "YKHangul" */ = {
			isa = XCConfigurationList;
			buildConfigurations = (
				609FD75A1E1D510800D5954C /* Debug */,
				609FD75B1E1D510800D5954C /* Release */,
			);
			defaultConfigurationIsVisible = 0;
		};
/* End XCConfigurationList section */
	};
	rootObject = 609FD73F1E1D510800D5954C /* Project object */;
}
